
Microsoft Visual Studio Solution File, Format Version 12.00
# Visual Studio 15
Project("{FAE04EC0-301F-11D3-BF4B-00C04F79EFBC}") = "PdA2_Android_Copia", "PdA2_Android_Copia.csproj", "{DF13DE86-3818-C237-D993-FCD42F5E8EFC}"
EndProject
Global
	GlobalSection(SolutionConfigurationPlatforms) = preSolution
		Debug|Any CPU = Debug|Any CPU
		Release|Any CPU = Release|Any CPU
	EndGlobalSection
	GlobalSection(ProjectConfigurationPlatforms) = postSolution
		{DF13DE86-3818-C237-D993-FCD42F5E8EFC}.Debug|Any CPU.ActiveCfg = Debug|Any CPU
		{DF13DE86-3818-C237-D993-FCD42F5E8EFC}.Debug|Any CPU.Build.0 = Debug|Any CPU
		{DF13DE86-3818-C237-D993-FCD42F5E8EFC}.Release|Any CPU.ActiveCfg = Release|Any CPU
		{DF13DE86-3818-C237-D993-FCD42F5E8EFC}.Release|Any CPU.Build.0 = Release|Any CPU
	EndGlobalSection
	GlobalSection(SolutionProperties) = preSolution
		HideSolutionNode = FALSE
	EndGlobalSection
EndGlobal
